
Microsoft Visual Studio Solution File, Format Version 12.00
# Visual Studio Version 17
VisualStudioVersion = 17.7.34031.279
MinimumVisualStudioVersion = 10.0.40219.1
Project("{FAE04EC0-301F-11D3-BF4B-00C04F79EFBC}") = "MatrixSumApp", "MatrixSumApp\MatrixSumApp.csproj", "{CDC09C2D-0606-4308-8261-081C15058DFC}"
EndProject
Global
	GlobalSection(SolutionConfigurationPlatforms) = preSolution
		Debug|Any CPU = Debug|Any CPU
		Release|Any CPU = Release|Any CPU
	EndGlobalSection
	GlobalSection(ProjectConfigurationPlatforms) = postSolution
		{CDC09C2D-0606-4308-8261-081C15058DFC}.Debug|Any CPU.ActiveCfg = Debug|Any CPU
		{CDC09C2D-0606-4308-8261-081C15058DFC}.Debug|Any CPU.Build.0 = Debug|Any CPU
		{CDC09C2D-0606-4308-8261-081C15058DFC}.Release|Any CPU.ActiveCfg = Release|Any CPU
		{CDC09C2D-0606-4308-8261-081C15058DFC}.Release|Any CPU.Build.0 = Release|Any CPU
	EndGlobalSection
	GlobalSection(SolutionProperties) = preSolution
		HideSolutionNode = FALSE
	EndGlobalSection
	GlobalSection(ExtensibilityGlobals) = postSolution
		SolutionGuid = {3B7B5B2E-5F95-4A79-9C7C-F28FAB4ED79D}
	EndGlobalSection
EndGlobal
